// !$*UTF8*$!
{
	archiveVersion = 1;
	classes = {
	};
	objectVersion = 56;
	objects = {

/* Begin PBXBuildFile section */
		B31B30CE2AB48E87007B3239 /* ChatProfile.swift in Sources */ = {isa = PBXBuildFile; fileRef = B31B30CD2AB48E87007B3239 /* ChatProfile.swift */; };
		B33B14B22A7A4749001AF21C /* DiscoverView.swift in Sources */ = {isa = PBXBuildFile; fileRef = B33B14B12A7A4749001AF21C /* DiscoverView.swift */; };
		B34266AF2A80C4E000A8A0A5 /* MCManager.swift in Sources */ = {isa = PBXBuildFile; fileRef = B34266AE2A80C4E000A8A0A5 /* MCManager.swift */; };
		B36685102A8B60BB00B600C9 /* ProfileView.swift in Sources */ = {isa = PBXBuildFile; fileRef = B366850F2A8B60BB00B600C9 /* ProfileView.swift */; };
		B36685142A8B6BD700B600C9 /* ProfileEditor.swift in Sources */ = {isa = PBXBuildFile; fileRef = B36685132A8B6BD700B600C9 /* ProfileEditor.swift */; };
		B39B5F202A935E050043F031 /* ChatView.swift in Sources */ = {isa = PBXBuildFile; fileRef = B39B5F1F2A935E050043F031 /* ChatView.swift */; };
		B39B5F232A9364FF0043F031 /* ChatDetail.swift in Sources */ = {isa = PBXBuildFile; fileRef = B39B5F222A9364FF0043F031 /* ChatDetail.swift */; };
		B39C70332A78E01600F4FCF7 /* Find_NearbyApp.swift in Sources */ = {isa = PBXBuildFile; fileRef = B39C70322A78E01600F4FCF7 /* Find_NearbyApp.swift */; };
		B39C70352A78E01600F4FCF7 /* ContentView.swift in Sources */ = {isa = PBXBuildFile; fileRef = B39C70342A78E01600F4FCF7 /* ContentView.swift */; };
		B39C70372A78E01700F4FCF7 /* Assets.xcassets in Resources */ = {isa = PBXBuildFile; fileRef = B39C70362A78E01700F4FCF7 /* Assets.xcassets */; };
		B39C703A2A78E01700F4FCF7 /* Preview Assets.xcassets in Resources */ = {isa = PBXBuildFile; fileRef = B39C70392A78E01700F4FCF7 /* Preview Assets.xcassets */; };
		B39C70432A78E2CD00F4FCF7 /* Profile.swift in Sources */ = {isa = PBXBuildFile; fileRef = B39C70422A78E2CD00F4FCF7 /* Profile.swift */; };
		B39C70452A78E58500F4FCF7 /* PeerGrid.swift in Sources */ = {isa = PBXBuildFile; fileRef = B39C70442A78E58500F4FCF7 /* PeerGrid.swift */; };
		B39C70492A78F0E900F4FCF7 /* ProfileSummary.swift in Sources */ = {isa = PBXBuildFile; fileRef = B39C70482A78F0E900F4FCF7 /* ProfileSummary.swift */; };
		B3A291662ADD16F900359E66 /* ChatList.swift in Sources */ = {isa = PBXBuildFile; fileRef = B3A291652ADD16F900359E66 /* ChatList.swift */; };
		B3A291682ADD571500359E66 /* DiscoverStatus.swift in Sources */ = {isa = PBXBuildFile; fileRef = B3A291672ADD571500359E66 /* DiscoverStatus.swift */; };
/* End PBXBuildFile section */

/* Begin PBXFileReference section */
		B31B30CD2AB48E87007B3239 /* ChatProfile.swift */ = {isa = PBXFileReference; lastKnownFileType = sourcecode.swift; path = ChatProfile.swift; sourceTree = "<group>"; };
		B33B14B12A7A4749001AF21C /* DiscoverView.swift */ = {isa = PBXFileReference; lastKnownFileType = sourcecode.swift; path = DiscoverView.swift; sourceTree = "<group>"; };
		B34266AE2A80C4E000A8A0A5 /* MCManager.swift */ = {isa = PBXFileReference; lastKnownFileType = sourcecode.swift; path = MCManager.swift; sourceTree = "<group>"; };
		B366850F2A8B60BB00B600C9 /* ProfileView.swift */ = {isa = PBXFileReference; lastKnownFileType = sourcecode.swift; path = ProfileView.swift; sourceTree = "<group>"; };
		B36685132A8B6BD700B600C9 /* ProfileEditor.swift */ = {isa = PBXFileReference; lastKnownFileType = sourcecode.swift; path = ProfileEditor.swift; sourceTree = "<group>"; };
		B39B5F1F2A935E050043F031 /* ChatView.swift */ = {isa = PBXFileReference; lastKnownFileType = sourcecode.swift; path = ChatView.swift; sourceTree = "<group>"; };
		B39B5F222A9364FF0043F031 /* ChatDetail.swift */ = {isa = PBXFileReference; lastKnownFileType = sourcecode.swift; path = ChatDetail.swift; sourceTree = "<group>"; };
		B39C702F2A78E01600F4FCF7 /* Find Nearby.app */ = {isa = PBXFileReference; explicitFileType = wrapper.application; includeInIndex = 0; path = "Find Nearby.app"; sourceTree = BUILT_PRODUCTS_DIR; };
		B39C70322A78E01600F4FCF7 /* Find_NearbyApp.swift */ = {isa = PBXFileReference; lastKnownFileType = sourcecode.swift; path = Find_NearbyApp.swift; sourceTree = "<group>"; };
		B39C70342A78E01600F4FCF7 /* ContentView.swift */ = {isa = PBXFileReference; lastKnownFileType = sourcecode.swift; path = ContentView.swift; sourceTree = "<group>"; };
		B39C70362A78E01700F4FCF7 /* Assets.xcassets */ = {isa = PBXFileReference; lastKnownFileType = folder.assetcatalog; path = Assets.xcassets; sourceTree = "<group>"; };
		B39C70392A78E01700F4FCF7 /* Preview Assets.xcassets */ = {isa = PBXFileReference; lastKnownFileType = folder.assetcatalog; path = "Preview Assets.xcassets"; sourceTree = "<group>"; };
		B39C70422A78E2CD00F4FCF7 /* Profile.swift */ = {isa = PBXFileReference; lastKnownFileType = sourcecode.swift; path = Profile.swift; sourceTree = "<group>"; };
		B39C70442A78E58500F4FCF7 /* PeerGrid.swift */ = {isa = PBXFileReference; lastKnownFileType = sourcecode.swift; path = PeerGrid.swift; sourceTree = "<group>"; };
		B39C70482A78F0E900F4FCF7 /* ProfileSummary.swift */ = {isa = PBXFileReference; lastKnownFileType = sourcecode.swift; path = ProfileSummary.swift; sourceTree = "<group>"; };
		B3A291652ADD16F900359E66 /* ChatList.swift */ = {isa = PBXFileReference; lastKnownFileType = sourcecode.swift; path = ChatList.swift; sourceTree = "<group>"; };
		B3A291672ADD571500359E66 /* DiscoverStatus.swift */ = {isa = PBXFileReference; lastKnownFileType = sourcecode.swift; path = DiscoverStatus.swift; sourceTree = "<group>"; };
/* End PBXFileReference section */

/* Begin PBXFrameworksBuildPhase section */
		B39C702C2A78E01600F4FCF7 /* Frameworks */ = {
			isa = PBXFrameworksBuildPhase;
			buildActionMask = 2147483647;
			files = (
			);
			runOnlyForDeploymentPostprocessing = 0;
		};
/* End PBXFrameworksBuildPhase section */

/* Begin PBXGroup section */
		B39B5F1D2A935C010043F031 /* Profile */ = {
			isa = PBXGroup;
			children = (
				B39C70422A78E2CD00F4FCF7 /* Profile.swift */,
				B39C70482A78F0E900F4FCF7 /* ProfileSummary.swift */,
				B366850F2A8B60BB00B600C9 /* ProfileView.swift */,
				B36685132A8B6BD700B600C9 /* ProfileEditor.swift */,
			);
			path = Profile;
			sourceTree = "<group>";
		};
		B39B5F1E2A935C0E0043F031 /* Discover */ = {
			isa = PBXGroup;
			children = (
				B33B14B12A7A4749001AF21C /* DiscoverView.swift */,
				B3A291672ADD571500359E66 /* DiscoverStatus.swift */,
				B39C70442A78E58500F4FCF7 /* PeerGrid.swift */,
			);
			path = Discover;
			sourceTree = "<group>";
		};
		B39B5F212A935E090043F031 /* Chat */ = {
			isa = PBXGroup;
			children = (
				B39B5F1F2A935E050043F031 /* ChatView.swift */,
				B3A291652ADD16F900359E66 /* ChatList.swift */,
				B39B5F222A9364FF0043F031 /* ChatDetail.swift */,
				B31B30CD2AB48E87007B3239 /* ChatProfile.swift */,
			);
			path = Chat;
			sourceTree = "<group>";
		};
		B39C70262A78E01600F4FCF7 = {
			isa = PBXGroup;
			children = (
				B39C70312A78E01600F4FCF7 /* Find Nearby */,
				B39C70302A78E01600F4FCF7 /* Products */,
			);
			sourceTree = "<group>";
		};
		B39C70302A78E01600F4FCF7 /* Products */ = {
			isa = PBXGroup;
			children = (
				B39C702F2A78E01600F4FCF7 /* Find Nearby.app */,
			);
			name = Products;
			sourceTree = "<group>";
		};
		B39C70312A78E01600F4FCF7 /* Find Nearby */ = {
			isa = PBXGroup;
			children = (
				B39C70322A78E01600F4FCF7 /* Find_NearbyApp.swift */,
				B39C70342A78E01600F4FCF7 /* ContentView.swift */,
				B34266AE2A80C4E000A8A0A5 /* MCManager.swift */,
				B39B5F212A935E090043F031 /* Chat */,
				B39B5F1E2A935C0E0043F031 /* Discover */,
				B39B5F1D2A935C010043F031 /* Profile */,
				B39C70362A78E01700F4FCF7 /* Assets.xcassets */,
				B39C70382A78E01700F4FCF7 /* Preview Content */,
			);
			path = "Find Nearby";
			sourceTree = "<group>";
		};
		B39C70382A78E01700F4FCF7 /* Preview Content */ = {
			isa = PBXGroup;
			children = (
				B39C70392A78E01700F4FCF7 /* Preview Assets.xcassets */,
			);
			path = "Preview Content";
			sourceTree = "<group>";
		};
/* End PBXGroup section */

/* Begin PBXNativeTarget section */
		B39C702E2A78E01600F4FCF7 /* Find Nearby */ = {
			isa = PBXNativeTarget;
			buildConfigurationList = B39C703D2A78E01700F4FCF7 /* Build configuration list for PBXNativeTarget "Find Nearby" */;
			buildPhases = (
				B39C702B2A78E01600F4FCF7 /* Sources */,
				B39C702C2A78E01600F4FCF7 /* Frameworks */,
				B39C702D2A78E01600F4FCF7 /* Resources */,
			);
			buildRules = (
			);
			dependencies = (
			);
			name = "Find Nearby";
			productName = "Find Nearby";
			productReference = B39C702F2A78E01600F4FCF7 /* Find Nearby.app */;
			productType = "com.apple.product-type.application";
		};
/* End PBXNativeTarget section */

/* Begin PBXProject section */
		B39C70272A78E01600F4FCF7 /* Project object */ = {
			isa = PBXProject;
			attributes = {
				BuildIndependentTargetsInParallel = 1;
				LastSwiftUpdateCheck = 1430;
				LastUpgradeCheck = 1500;
				TargetAttributes = {
					B39C702E2A78E01600F4FCF7 = {
						CreatedOnToolsVersion = 14.3.1;
					};
				};
			};
			buildConfigurationList = B39C702A2A78E01600F4FCF7 /* Build configuration list for PBXProject "Find Nearby" */;
			compatibilityVersion = "Xcode 14.0";
			developmentRegion = en;
			hasScannedForEncodings = 0;
			knownRegions = (
				en,
				Base,
			);
			mainGroup = B39C70262A78E01600F4FCF7;
			productRefGroup = B39C70302A78E01600F4FCF7 /* Products */;
			projectDirPath = "";
			projectRoot = "";
			targets = (
				B39C702E2A78E01600F4FCF7 /* Find Nearby */,
			);
		};
/* End PBXProject section */

/* Begin PBXResourcesBuildPhase section */
		B39C702D2A78E01600F4FCF7 /* Resources */ = {
			isa = PBXResourcesBuildPhase;
			buildActionMask = 2147483647;
			files = (
				B39C703A2A78E01700F4FCF7 /* Preview Assets.xcassets in Resources */,
				B39C70372A78E01700F4FCF7 /* Assets.xcassets in Resources */,
			);
			runOnlyForDeploymentPostprocessing = 0;
		};
/* End PBXResourcesBuildPhase section */

/* Begin PBXSourcesBuildPhase section */
		B39C702B2A78E01600F4FCF7 /* Sources */ = {
			isa = PBXSourcesBuildPhase;
			buildActionMask = 2147483647;
			files = (
				B39C70352A78E01600F4FCF7 /* ContentView.swift in Sources */,
				B39C70432A78E2CD00F4FCF7 /* Profile.swift in Sources */,
				B39C70492A78F0E900F4FCF7 /* ProfileSummary.swift in Sources */,
				B36685142A8B6BD700B600C9 /* ProfileEditor.swift in Sources */,
				B34266AF2A80C4E000A8A0A5 /* MCManager.swift in Sources */,
				B39B5F202A935E050043F031 /* ChatView.swift in Sources */,
				B3A291662ADD16F900359E66 /* ChatList.swift in Sources */,
				B39C70332A78E01600F4FCF7 /* Find_NearbyApp.swift in Sources */,
				B39C70452A78E58500F4FCF7 /* PeerGrid.swift in Sources */,
				B33B14B22A7A4749001AF21C /* DiscoverView.swift in Sources */,
				B3A291682ADD571500359E66 /* DiscoverStatus.swift in Sources */,
				B31B30CE2AB48E87007B3239 /* ChatProfile.swift in Sources */,
				B39B5F232A9364FF0043F031 /* ChatDetail.swift in Sources */,
				B36685102A8B60BB00B600C9 /* ProfileView.swift in Sources */,
			);
			runOnlyForDeploymentPostprocessing = 0;
		};
/* End PBXSourcesBuildPhase section */

/* Begin XCBuildConfiguration section */
		B39C703B2A78E01700F4FCF7 /* Debug */ = {
			isa = XCBuildConfiguration;
			buildSettings = {
				ALWAYS_SEARCH_USER_PATHS = NO;
				CLANG_ANALYZER_NONNULL = YES;
				CLANG_ANALYZER_NUMBER_OBJECT_CONVERSION = YES_AGGRESSIVE;
				CLANG_CXX_LANGUAGE_STANDARD = "gnu++20";
				CLANG_ENABLE_MODULES = YES;
				CLANG_ENABLE_OBJC_ARC = YES;
				CLANG_ENABLE_OBJC_WEAK = YES;
				CLANG_WARN_BLOCK_CAPTURE_AUTORELEASING = YES;
				CLANG_WARN_BOOL_CONVERSION = YES;
				CLANG_WARN_COMMA = YES;
				CLANG_WARN_CONSTANT_CONVERSION = YES;
				CLANG_WARN_DEPRECATED_OBJC_IMPLEMENTATIONS = YES;
				CLANG_WARN_DIRECT_OBJC_ISA_USAGE = YES_ERROR;
				CLANG_WARN_DOCUMENTATION_COMMENTS = YES;
				CLANG_WARN_EMPTY_BODY = YES;
				CLANG_WARN_ENUM_CONVERSION = YES;
				CLANG_WARN_INFINITE_RECURSION = YES;
				CLANG_WARN_INT_CONVERSION = YES;
				CLANG_WARN_NON_LITERAL_NULL_CONVERSION = YES;
				CLANG_WARN_OBJC_IMPLICIT_RETAIN_SELF = YES;
				CLANG_WARN_OBJC_LITERAL_CONVERSION = YES;
				CLANG_WARN_OBJC_ROOT_CLASS = YES_ERROR;
				CLANG_WARN_QUOTED_INCLUDE_IN_FRAMEWORK_HEADER = YES;
				CLANG_WARN_RANGE_LOOP_ANALYSIS = YES;
				CLANG_WARN_STRICT_PROTOTYPES = YES;
				CLANG_WARN_SUSPICIOUS_MOVE = YES;
				CLANG_WARN_UNGUARDED_AVAILABILITY = YES_AGGRESSIVE;
				CLANG_WARN_UNREACHABLE_CODE = YES;
				CLANG_WARN__DUPLICATE_METHOD_MATCH = YES;
				COPY_PHASE_STRIP = NO;
				DEBUG_INFORMATION_FORMAT = dwarf;
				ENABLE_STRICT_OBJC_MSGSEND = YES;
				ENABLE_TESTABILITY = YES;
				ENABLE_USER_SCRIPT_SANDBOXING = YES;
				GCC_C_LANGUAGE_STANDARD = gnu11;
				GCC_DYNAMIC_NO_PIC = NO;
				GCC_NO_COMMON_BLOCKS = YES;
				GCC_OPTIMIZATION_LEVEL = 0;
				GCC_PREPROCESSOR_DEFINITIONS = (
					"DEBUG=1",
					"$(inherited)",
				);
				GCC_WARN_64_TO_32_BIT_CONVERSION = YES;
				GCC_WARN_ABOUT_RETURN_TYPE = YES_ERROR;
				GCC_WARN_UNDECLARED_SELECTOR = YES;
				GCC_WARN_UNINITIALIZED_AUTOS = YES_AGGRESSIVE;
				GCC_WARN_UNUSED_FUNCTION = YES;
				GCC_WARN_UNUSED_VARIABLE = YES;
				IPHONEOS_DEPLOYMENT_TARGET = 16.4;
				MTL_ENABLE_DEBUG_INFO = INCLUDE_SOURCE;
				MTL_FAST_MATH = YES;
				ONLY_ACTIVE_ARCH = YES;
				SDKROOT = iphoneos;
				SWIFT_ACTIVE_COMPILATION_CONDITIONS = DEBUG;
				SWIFT_OPTIMIZATION_LEVEL = "-Onone";
			};
			name = Debug;
		};
		B39C703C2A78E01700F4FCF7 /* Release */ = {
			isa = XCBuildConfiguration;
			buildSettings = {
				ALWAYS_SEARCH_USER_PATHS = NO;
				CLANG_ANALYZER_NONNULL = YES;
				CLANG_ANALYZER_NUMBER_OBJECT_CONVERSION = YES_AGGRESSIVE;
				CLANG_CXX_LANGUAGE_STANDARD = "gnu++20";
				CLANG_ENABLE_MODULES = YES;
				CLANG_ENABLE_OBJC_ARC = YES;
				CLANG_ENABLE_OBJC_WEAK = YES;
				CLANG_WARN_BLOCK_CAPTURE_AUTORELEASING = YES;
				CLANG_WARN_BOOL_CONVERSION = YES;
				CLANG_WARN_COMMA = YES;
				CLANG_WARN_CONSTANT_CONVERSION = YES;
				CLANG_WARN_DEPRECATED_OBJC_IMPLEMENTATIONS = YES;
				CLANG_WARN_DIRECT_OBJC_ISA_USAGE = YES_ERROR;
				CLANG_WARN_DOCUMENTATION_COMMENTS = YES;
				CLANG_WARN_EMPTY_BODY = YES;
				CLANG_WARN_ENUM_CONVERSION = YES;
				CLANG_WARN_INFINITE_RECURSION = YES;
				CLANG_WARN_INT_CONVERSION = YES;
				CLANG_WARN_NON_LITERAL_NULL_CONVERSION = YES;
				CLANG_WARN_OBJC_IMPLICIT_RETAIN_SELF = YES;
				CLANG_WARN_OBJC_LITERAL_CONVERSION = YES;
				CLANG_WARN_OBJC_ROOT_CLASS = YES_ERROR;
				CLANG_WARN_QUOTED_INCLUDE_IN_FRAMEWORK_HEADER = YES;
				CLANG_WARN_RANGE_LOOP_ANALYSIS = YES;
				CLANG_WARN_STRICT_PROTOTYPES = YES;
				CLANG_WARN_SUSPICIOUS_MOVE = YES;
				CLANG_WARN_UNGUARDED_AVAILABILITY = YES_AGGRESSIVE;
				CLANG_WARN_UNREACHABLE_CODE = YES;
				CLANG_WARN__DUPLICATE_METHOD_MATCH = YES;
				COPY_PHASE_STRIP = NO;
				DEBUG_INFORMATION_FORMAT = "dwarf-with-dsym";
				ENABLE_NS_ASSERTIONS = NO;
				ENABLE_STRICT_OBJC_MSGSEND = YES;
				ENABLE_USER_SCRIPT_SANDBOXING = YES;
				GCC_C_LANGUAGE_STANDARD = gnu11;
				GCC_NO_COMMON_BLOCKS = YES;
				GCC_WARN_64_TO_32_BIT_CONVERSION = YES;
				GCC_WARN_ABOUT_RETURN_TYPE = YES_ERROR;
				GCC_WARN_UNDECLARED_SELECTOR = YES;
				GCC_WARN_UNINITIALIZED_AUTOS = YES_AGGRESSIVE;
				GCC_WARN_UNUSED_FUNCTION = YES;
				GCC_WARN_UNUSED_VARIABLE = YES;
				IPHONEOS_DEPLOYMENT_TARGET = 16.4;
				MTL_ENABLE_DEBUG_INFO = NO;
				MTL_FAST_MATH = YES;
				SDKROOT = iphoneos;
				SWIFT_COMPILATION_MODE = wholemodule;
				SWIFT_OPTIMIZATION_LEVEL = "-O";
				VALIDATE_PRODUCT = YES;
			};
			name = Release;
		};
		B39C703E2A78E01700F4FCF7 /* Debug */ = {
			isa = XCBuildConfiguration;
			buildSettings = {
				ASSETCATALOG_COMPILER_APPICON_NAME = AppIcon;
				ASSETCATALOG_COMPILER_GLOBAL_ACCENT_COLOR_NAME = AccentColor;
				CODE_SIGN_STYLE = Automatic;
				CURRENT_PROJECT_VERSION = 1;
				DEVELOPMENT_ASSET_PATHS = "\"Find Nearby/Preview Content\"";
				DEVELOPMENT_TEAM = GL7BMY6YR7;
				ENABLE_PREVIEWS = YES;
				GENERATE_INFOPLIST_FILE = YES;
				INFOPLIST_FILE = "Find-Nearby-Info.plist";
				INFOPLIST_KEY_CFBundleDisplayName = "Find Nearby";
				INFOPLIST_KEY_NSPhotoLibraryAddUsageDescription = "Save chat images to your library";
				INFOPLIST_KEY_NSPhotoLibraryUsageDescription = "Select images from your library";
				INFOPLIST_KEY_UIApplicationSceneManifest_Generation = YES;
				INFOPLIST_KEY_UIApplicationSupportsIndirectInputEvents = YES;
				INFOPLIST_KEY_UILaunchScreen_Generation = YES;
				INFOPLIST_KEY_UISupportedInterfaceOrientations_iPad = "UIInterfaceOrientationPortrait UIInterfaceOrientationPortraitUpsideDown UIInterfaceOrientationLandscapeLeft UIInterfaceOrientationLandscapeRight";
				INFOPLIST_KEY_UISupportedInterfaceOrientations_iPhone = "UIInterfaceOrientationPortrait UIInterfaceOrientationLandscapeLeft UIInterfaceOrientationLandscapeRight";
				LD_RUNPATH_SEARCH_PATHS = (
					"$(inherited)",
					"@executable_path/Frameworks",
				);
				MARKETING_VERSION = 1.0;
				PRODUCT_BUNDLE_IDENTIFIER = "com.zhangyuhan.Find-Nearby";
				PRODUCT_NAME = "$(TARGET_NAME)";
				SWIFT_EMIT_LOC_STRINGS = YES;
				SWIFT_VERSION = 5.0;
				TARGETED_DEVICE_FAMILY = "1,2";
			};
			name = Debug;
		};
		B39C703F2A78E01700F4FCF7 /* Release */ = {
			isa = XCBuildConfiguration;
			buildSettings = {
				ASSETCATALOG_COMPILER_APPICON_NAME = AppIcon;
				ASSETCATALOG_COMPILER_GLOBAL_ACCENT_COLOR_NAME = AccentColor;
				CODE_SIGN_STYLE = Automatic;
				CURRENT_PROJECT_VERSION = 1;
				DEVELOPMENT_ASSET_PATHS = "\"Find Nearby/Preview Content\"";
				DEVELOPMENT_TEAM = GL7BMY6YR7;
				ENABLE_PREVIEWS = YES;
				GENERATE_INFOPLIST_FILE = YES;
				INFOPLIST_FILE = "Find-Nearby-Info.plist";
				INFOPLIST_KEY_CFBundleDisplayName = "Find Nearby";
				INFOPLIST_KEY_NSPhotoLibraryAddUsageDescription = "Save chat images to your library";
				INFOPLIST_KEY_NSPhotoLibraryUsageDescription = "Select images from your library";
				INFOPLIST_KEY_UIApplicationSceneManifest_Generation = YES;
				INFOPLIST_KEY_UIApplicationSupportsIndirectInputEvents = YES;
				INFOPLIST_KEY_UILaunchScreen_Generation = YES;
				INFOPLIST_KEY_UISupportedInterfaceOrientations_iPad = "UIInterfaceOrientationPortrait UIInterfaceOrientationPortraitUpsideDown UIInterfaceOrientationLandscapeLeft UIInterfaceOrientationLandscapeRight";
				INFOPLIST_KEY_UISupportedInterfaceOrientations_iPhone = "UIInterfaceOrientationPortrait UIInterfaceOrientationLandscapeLeft UIInterfaceOrientationLandscapeRight";
				LD_RUNPATH_SEARCH_PATHS = (
					"$(inherited)",
					"@executable_path/Frameworks",
				);
				MARKETING_VERSION = 1.0;
				PRODUCT_BUNDLE_IDENTIFIER = "com.zhangyuhan.Find-Nearby";
				PRODUCT_NAME = "$(TARGET_NAME)";
				SWIFT_EMIT_LOC_STRINGS = YES;
				SWIFT_VERSION = 5.0;
				TARGETED_DEVICE_FAMILY = "1,2";
			};
			name = Release;
		};
/* End XCBuildConfiguration section */

/* Begin XCConfigurationList section */
		B39C702A2A78E01600F4FCF7 /* Build configuration list for PBXProject "Find Nearby" */ = {
			isa = XCConfigurationList;
			buildConfigurations = (
				B39C703B2A78E01700F4FCF7 /* Debug */,
				B39C703C2A78E01700F4FCF7 /* Release */,
			);
			defaultConfigurationIsVisible = 0;
			defaultConfigurationName = Release;
		};
		B39C703D2A78E01700F4FCF7 /* Build configuration list for PBXNativeTarget "Find Nearby" */ = {
			isa = XCConfigurationList;
			buildConfigurations = (
				B39C703E2A78E01700F4FCF7 /* Debug */,
				B39C703F2A78E01700F4FCF7 /* Release */,
			);
			defaultConfigurationIsVisible = 0;
			defaultConfigurationName = Release;
		};
/* End XCConfigurationList section */
	};
	rootObject = B39C70272A78E01600F4FCF7 /* Project object */;
}
